
Microsoft Visual Studio Solution File, Format Version 12.00
# Visual Studio Version 17
VisualStudioVersion = 17.13.35825.156 d17.13
MinimumVisualStudioVersion = 10.0.40219.1
Project("{FAE04EC0-301F-11D3-BF4B-00C04F79EFBC}") = "Xadrez_console", "Xadrez_console\Xadrez_console.csproj", "{97498122-585B-43AC-BEE9-5C803D511561}"
EndProject
Global
	GlobalSection(SolutionConfigurationPlatforms) = preSolution
		Debug|Any CPU = Debug|Any CPU
		Release|Any CPU = Release|Any CPU
	EndGlobalSection
	GlobalSection(ProjectConfigurationPlatforms) = postSolution
		{97498122-585B-43AC-BEE9-5C803D511561}.Debug|Any CPU.ActiveCfg = Debug|Any CPU
		{97498122-585B-43AC-BEE9-5C803D511561}.Debug|Any CPU.Build.0 = Debug|Any CPU
		{97498122-585B-43AC-BEE9-5C803D511561}.Release|Any CPU.ActiveCfg = Release|Any CPU
		{97498122-585B-43AC-BEE9-5C803D511561}.Release|Any CPU.Build.0 = Release|Any CPU
	EndGlobalSection
	GlobalSection(SolutionProperties) = preSolution
		HideSolutionNode = FALSE
	EndGlobalSection
	GlobalSection(ExtensibilityGlobals) = postSolution
		SolutionGuid = {68A7DACA-B875-402A-8CF7-FBCB9B005B0B}
	EndGlobalSection
EndGlobal
